
Microsoft Visual Studio Solution File, Format Version 12.00
# Visual Studio 15
VisualStudioVersion = 15.0.26124.0
MinimumVisualStudioVersion = 15.0.26124.0
Project("{2150E333-8FDC-42A3-9474-1A3956D46DE8}") = "Code", "Code", "{119EA9E1-9D82-4AAC-B66F-850F3F17FD33}"
EndProject
Project("{FAE04EC0-301F-11D3-BF4B-00C04F79EFBC}") = "demoapp.Api", "Code\demoapp.Api\demoapp.Api.csproj", "{22AC2732-792D-4EBC-AD6E-68F0269636D3}"
EndProject
Project("{FAE04EC0-301F-11D3-BF4B-00C04F79EFBC}") = "demoapp.BusinessEntities", "Code\demoapp.BusinessEntities\demoapp.BusinessEntities.csproj", "{5FA34143-E874-4632-968E-3979416877BE}"
EndProject
Project("{FAE04EC0-301F-11D3-BF4B-00C04F79EFBC}") = "demoapp.BusinessServices", "Code\demoapp.BusinessServices\demoapp.BusinessServices.csproj", "{FA9AA9B2-1C9D-46EC-931F-7FA172FF4818}"
EndProject
Project("{FAE04EC0-301F-11D3-BF4B-00C04F79EFBC}") = "demoapp.Contracts", "Code\demoapp.Contracts\demoapp.Contracts.csproj", "{117DE55D-CEBF-4339-B0D6-7B9A278105F6}"
EndProject
Project("{FAE04EC0-301F-11D3-BF4B-00C04F79EFBC}") = "demoapp.Data", "Code\demoapp.Data\demoapp.Data.csproj", "{01D1B633-CB7D-46C4-A957-717142727A61}"
EndProject
Project("{FAE04EC0-301F-11D3-BF4B-00C04F79EFBC}") = "demoapp.Test.Api", "Code\demoapp.Test.Api\demoapp.Test.Api.csproj", "{CB5BC496-FA48-4A8E-BC0D-62401CF11C12}"
EndProject
Project("{FAE04EC0-301F-11D3-BF4B-00C04F79EFBC}") = "demoapp.Test.Business", "Code\demoapp.Test.Business\demoapp.Test.Business.csproj", "{6DF42D33-C2F4-4A0B-A3CC-9C2F40E4E16F}"
EndProject
Project("{FAE04EC0-301F-11D3-BF4B-00C04F79EFBC}") = "demoapp.Test.Framework", "Code\demoapp.Test.Framework\demoapp.Test.Framework.csproj", "{128784C8-0750-4A2E-8989-D404855FD398}"
EndProject
Project("{2150E333-8FDC-42A3-9474-1A3956D46DE8}") = "Test", "Test", "{85D7B774-6660-4A5E-9B5F-C6430A75A060}"
EndProject
Global
	GlobalSection(SolutionConfigurationPlatforms) = preSolution
		Debug|Any CPU = Debug|Any CPU
		Debug|x64 = Debug|x64
		Debug|x86 = Debug|x86
		Release|Any CPU = Release|Any CPU
		Release|x64 = Release|x64
		Release|x86 = Release|x86
	EndGlobalSection
	GlobalSection(SolutionProperties) = preSolution
		HideSolutionNode = FALSE
	EndGlobalSection
	GlobalSection(ProjectConfigurationPlatforms) = postSolution
		{22AC2732-792D-4EBC-AD6E-68F0269636D3}.Debug|Any CPU.ActiveCfg = Debug|Any CPU
		{22AC2732-792D-4EBC-AD6E-68F0269636D3}.Debug|Any CPU.Build.0 = Debug|Any CPU
		{22AC2732-792D-4EBC-AD6E-68F0269636D3}.Debug|x64.ActiveCfg = Debug|Any CPU
		{22AC2732-792D-4EBC-AD6E-68F0269636D3}.Debug|x64.Build.0 = Debug|Any CPU
		{22AC2732-792D-4EBC-AD6E-68F0269636D3}.Debug|x86.ActiveCfg = Debug|Any CPU
		{22AC2732-792D-4EBC-AD6E-68F0269636D3}.Debug|x86.Build.0 = Debug|Any CPU
		{22AC2732-792D-4EBC-AD6E-68F0269636D3}.Release|Any CPU.ActiveCfg = Release|Any CPU
		{22AC2732-792D-4EBC-AD6E-68F0269636D3}.Release|Any CPU.Build.0 = Release|Any CPU
		{22AC2732-792D-4EBC-AD6E-68F0269636D3}.Release|x64.ActiveCfg = Release|Any CPU
		{22AC2732-792D-4EBC-AD6E-68F0269636D3}.Release|x64.Build.0 = Release|Any CPU
		{22AC2732-792D-4EBC-AD6E-68F0269636D3}.Release|x86.ActiveCfg = Release|Any CPU
		{22AC2732-792D-4EBC-AD6E-68F0269636D3}.Release|x86.Build.0 = Release|Any CPU
		{5FA34143-E874-4632-968E-3979416877BE}.Debug|Any CPU.ActiveCfg = Debug|Any CPU
		{5FA34143-E874-4632-968E-3979416877BE}.Debug|Any CPU.Build.0 = Debug|Any CPU
		{5FA34143-E874-4632-968E-3979416877BE}.Debug|x64.ActiveCfg = Debug|Any CPU
		{5FA34143-E874-4632-968E-3979416877BE}.Debug|x64.Build.0 = Debug|Any CPU
		{5FA34143-E874-4632-968E-3979416877BE}.Debug|x86.ActiveCfg = Debug|Any CPU
		{5FA34143-E874-4632-968E-3979416877BE}.Debug|x86.Build.0 = Debug|Any CPU
		{5FA34143-E874-4632-968E-3979416877BE}.Release|Any CPU.ActiveCfg = Release|Any CPU
		{5FA34143-E874-4632-968E-3979416877BE}.Release|Any CPU.Build.0 = Release|Any CPU
		{5FA34143-E874-4632-968E-3979416877BE}.Release|x64.ActiveCfg = Release|Any CPU
		{5FA34143-E874-4632-968E-3979416877BE}.Release|x64.Build.0 = Release|Any CPU
		{5FA34143-E874-4632-968E-3979416877BE}.Release|x86.ActiveCfg = Release|Any CPU
		{5FA34143-E874-4632-968E-3979416877BE}.Release|x86.Build.0 = Release|Any CPU
		{FA9AA9B2-1C9D-46EC-931F-7FA172FF4818}.Debug|Any CPU.ActiveCfg = Debug|Any CPU
		{FA9AA9B2-1C9D-46EC-931F-7FA172FF4818}.Debug|Any CPU.Build.0 = Debug|Any CPU
		{FA9AA9B2-1C9D-46EC-931F-7FA172FF4818}.Debug|x64.ActiveCfg = Debug|Any CPU
		{FA9AA9B2-1C9D-46EC-931F-7FA172FF4818}.Debug|x64.Build.0 = Debug|Any CPU
		{FA9AA9B2-1C9D-46EC-931F-7FA172FF4818}.Debug|x86.ActiveCfg = Debug|Any CPU
		{FA9AA9B2-1C9D-46EC-931F-7FA172FF4818}.Debug|x86.Build.0 = Debug|Any CPU
		{FA9AA9B2-1C9D-46EC-931F-7FA172FF4818}.Release|Any CPU.ActiveCfg = Release|Any CPU
		{FA9AA9B2-1C9D-46EC-931F-7FA172FF4818}.Release|Any CPU.Build.0 = Release|Any CPU
		{FA9AA9B2-1C9D-46EC-931F-7FA172FF4818}.Release|x64.ActiveCfg = Release|Any CPU
		{FA9AA9B2-1C9D-46EC-931F-7FA172FF4818}.Release|x64.Build.0 = Release|Any CPU
		{FA9AA9B2-1C9D-46EC-931F-7FA172FF4818}.Release|x86.ActiveCfg = Release|Any CPU
		{FA9AA9B2-1C9D-46EC-931F-7FA172FF4818}.Release|x86.Build.0 = Release|Any CPU
		{117DE55D-CEBF-4339-B0D6-7B9A278105F6}.Debug|Any CPU.ActiveCfg = Debug|Any CPU
		{117DE55D-CEBF-4339-B0D6-7B9A278105F6}.Debug|Any CPU.Build.0 = Debug|Any CPU
		{117DE55D-CEBF-4339-B0D6-7B9A278105F6}.Debug|x64.ActiveCfg = Debug|Any CPU
		{117DE55D-CEBF-4339-B0D6-7B9A278105F6}.Debug|x64.Build.0 = Debug|Any CPU
		{117DE55D-CEBF-4339-B0D6-7B9A278105F6}.Debug|x86.ActiveCfg = Debug|Any CPU
		{117DE55D-CEBF-4339-B0D6-7B9A278105F6}.Debug|x86.Build.0 = Debug|Any CPU
		{117DE55D-CEBF-4339-B0D6-7B9A278105F6}.Release|Any CPU.ActiveCfg = Release|Any CPU
		{117DE55D-CEBF-4339-B0D6-7B9A278105F6}.Release|Any CPU.Build.0 = Release|Any CPU
		{117DE55D-CEBF-4339-B0D6-7B9A278105F6}.Release|x64.ActiveCfg = Release|Any CPU
		{117DE55D-CEBF-4339-B0D6-7B9A278105F6}.Release|x64.Build.0 = Release|Any CPU
		{117DE55D-CEBF-4339-B0D6-7B9A278105F6}.Release|x86.ActiveCfg = Release|Any CPU
		{117DE55D-CEBF-4339-B0D6-7B9A278105F6}.Release|x86.Build.0 = Release|Any CPU
		{01D1B633-CB7D-46C4-A957-717142727A61}.Debug|Any CPU.ActiveCfg = Debug|Any CPU
		{01D1B633-CB7D-46C4-A957-717142727A61}.Debug|Any CPU.Build.0 = Debug|Any CPU
		{01D1B633-CB7D-46C4-A957-717142727A61}.Debug|x64.ActiveCfg = Debug|Any CPU
		{01D1B633-CB7D-46C4-A957-717142727A61}.Debug|x64.Build.0 = Debug|Any CPU
		{01D1B633-CB7D-46C4-A957-717142727A61}.Debug|x86.ActiveCfg = Debug|Any CPU
		{01D1B633-CB7D-46C4-A957-717142727A61}.Debug|x86.Build.0 = Debug|Any CPU
		{01D1B633-CB7D-46C4-A957-717142727A61}.Release|Any CPU.ActiveCfg = Release|Any CPU
		{01D1B633-CB7D-46C4-A957-717142727A61}.Release|Any CPU.Build.0 = Release|Any CPU
		{01D1B633-CB7D-46C4-A957-717142727A61}.Release|x64.ActiveCfg = Release|Any CPU
		{01D1B633-CB7D-46C4-A957-717142727A61}.Release|x64.Build.0 = Release|Any CPU
		{01D1B633-CB7D-46C4-A957-717142727A61}.Release|x86.ActiveCfg = Release|Any CPU
		{01D1B633-CB7D-46C4-A957-717142727A61}.Release|x86.Build.0 = Release|Any CPU
		{CB5BC496-FA48-4A8E-BC0D-62401CF11C12}.Debug|Any CPU.ActiveCfg = Debug|Any CPU
		{CB5BC496-FA48-4A8E-BC0D-62401CF11C12}.Debug|Any CPU.Build.0 = Debug|Any CPU
		{CB5BC496-FA48-4A8E-BC0D-62401CF11C12}.Debug|x64.ActiveCfg = Debug|Any CPU
		{CB5BC496-FA48-4A8E-BC0D-62401CF11C12}.Debug|x64.Build.0 = Debug|Any CPU
		{CB5BC496-FA48-4A8E-BC0D-62401CF11C12}.Debug|x86.ActiveCfg = Debug|Any CPU
		{CB5BC496-FA48-4A8E-BC0D-62401CF11C12}.Debug|x86.Build.0 = Debug|Any CPU
		{CB5BC496-FA48-4A8E-BC0D-62401CF11C12}.Release|Any CPU.ActiveCfg = Release|Any CPU
		{CB5BC496-FA48-4A8E-BC0D-62401CF11C12}.Release|Any CPU.Build.0 = Release|Any CPU
		{CB5BC496-FA48-4A8E-BC0D-62401CF11C12}.Release|x64.ActiveCfg = Release|Any CPU
		{CB5BC496-FA48-4A8E-BC0D-62401CF11C12}.Release|x64.Build.0 = Release|Any CPU
		{CB5BC496-FA48-4A8E-BC0D-62401CF11C12}.Release|x86.ActiveCfg = Release|Any CPU
		{CB5BC496-FA48-4A8E-BC0D-62401CF11C12}.Release|x86.Build.0 = Release|Any CPU
		{6DF42D33-C2F4-4A0B-A3CC-9C2F40E4E16F}.Debug|Any CPU.ActiveCfg = Debug|Any CPU
		{6DF42D33-C2F4-4A0B-A3CC-9C2F40E4E16F}.Debug|Any CPU.Build.0 = Debug|Any CPU
		{6DF42D33-C2F4-4A0B-A3CC-9C2F40E4E16F}.Debug|x64.ActiveCfg = Debug|Any CPU
		{6DF42D33-C2F4-4A0B-A3CC-9C2F40E4E16F}.Debug|x64.Build.0 = Debug|Any CPU
		{6DF42D33-C2F4-4A0B-A3CC-9C2F40E4E16F}.Debug|x86.ActiveCfg = Debug|Any CPU
		{6DF42D33-C2F4-4A0B-A3CC-9C2F40E4E16F}.Debug|x86.Build.0 = Debug|Any CPU
		{6DF42D33-C2F4-4A0B-A3CC-9C2F40E4E16F}.Release|Any CPU.ActiveCfg = Release|Any CPU
		{6DF42D33-C2F4-4A0B-A3CC-9C2F40E4E16F}.Release|Any CPU.Build.0 = Release|Any CPU
		{6DF42D33-C2F4-4A0B-A3CC-9C2F40E4E16F}.Release|x64.ActiveCfg = Release|Any CPU
		{6DF42D33-C2F4-4A0B-A3CC-9C2F40E4E16F}.Release|x64.Build.0 = Release|Any CPU
		{6DF42D33-C2F4-4A0B-A3CC-9C2F40E4E16F}.Release|x86.ActiveCfg = Release|Any CPU
		{6DF42D33-C2F4-4A0B-A3CC-9C2F40E4E16F}.Release|x86.Build.0 = Release|Any CPU
		{128784C8-0750-4A2E-8989-D404855FD398}.Debug|Any CPU.ActiveCfg = Debug|Any CPU
		{128784C8-0750-4A2E-8989-D404855FD398}.Debug|Any CPU.Build.0 = Debug|Any CPU
		{128784C8-0750-4A2E-8989-D404855FD398}.Debug|x64.ActiveCfg = Debug|Any CPU
		{128784C8-0750-4A2E-8989-D404855FD398}.Debug|x64.Build.0 = Debug|Any CPU
		{128784C8-0750-4A2E-8989-D404855FD398}.Debug|x86.ActiveCfg = Debug|Any CPU
		{128784C8-0750-4A2E-8989-D404855FD398}.Debug|x86.Build.0 = Debug|Any CPU
		{128784C8-0750-4A2E-8989-D404855FD398}.Release|Any CPU.ActiveCfg = Release|Any CPU
		{128784C8-0750-4A2E-8989-D404855FD398}.Release|Any CPU.Build.0 = Release|Any CPU
		{128784C8-0750-4A2E-8989-D404855FD398}.Release|x64.ActiveCfg = Release|Any CPU
		{128784C8-0750-4A2E-8989-D404855FD398}.Release|x64.Build.0 = Release|Any CPU
		{128784C8-0750-4A2E-8989-D404855FD398}.Release|x86.ActiveCfg = Release|Any CPU
		{128784C8-0750-4A2E-8989-D404855FD398}.Release|x86.Build.0 = Release|Any CPU
	EndGlobalSection
	GlobalSection(NestedProjects) = preSolution
		{22AC2732-792D-4EBC-AD6E-68F0269636D3} = {119EA9E1-9D82-4AAC-B66F-850F3F17FD33}
		{5FA34143-E874-4632-968E-3979416877BE} = {119EA9E1-9D82-4AAC-B66F-850F3F17FD33}
		{FA9AA9B2-1C9D-46EC-931F-7FA172FF4818} = {119EA9E1-9D82-4AAC-B66F-850F3F17FD33}
		{117DE55D-CEBF-4339-B0D6-7B9A278105F6} = {119EA9E1-9D82-4AAC-B66F-850F3F17FD33}
		{01D1B633-CB7D-46C4-A957-717142727A61} = {119EA9E1-9D82-4AAC-B66F-850F3F17FD33}
		{CB5BC496-FA48-4A8E-BC0D-62401CF11C12} = {85D7B774-6660-4A5E-9B5F-C6430A75A060}
		{6DF42D33-C2F4-4A0B-A3CC-9C2F40E4E16F} = {85D7B774-6660-4A5E-9B5F-C6430A75A060}
		{128784C8-0750-4A2E-8989-D404855FD398} = {85D7B774-6660-4A5E-9B5F-C6430A75A060}
	EndGlobalSection
EndGlobal
