
Microsoft Visual Studio Solution File, Format Version 12.00
# Visual Studio 15
VisualStudioVersion = 15.0.26124.0
MinimumVisualStudioVersion = 15.0.26124.0
Project("{2150E333-8FDC-42A3-9474-1A3956D46DE8}") = "Code", "Code", "{5C3E5093-DCCD-4594-894D-9326DA03F170}"
EndProject
Project("{FAE04EC0-301F-11D3-BF4B-00C04F79EFBC}") = "ERns.Api", "Code\ERns.Api\ERns.Api.csproj", "{4CBB202D-5928-4A84-A23D-58E53BC8AA55}"
EndProject
Project("{FAE04EC0-301F-11D3-BF4B-00C04F79EFBC}") = "ERns.BusinessEntities", "Code\ERns.BusinessEntities\ERns.BusinessEntities.csproj", "{ACAD17E8-2C1C-40E7-86A8-331832AC6ECA}"
EndProject
Project("{FAE04EC0-301F-11D3-BF4B-00C04F79EFBC}") = "ERns.BusinessServices", "Code\ERns.BusinessServices\ERns.BusinessServices.csproj", "{3DE92B81-C5CC-43F1-9D15-C39E560C15F0}"
EndProject
Project("{FAE04EC0-301F-11D3-BF4B-00C04F79EFBC}") = "ERns.Contracts", "Code\ERns.Contracts\ERns.Contracts.csproj", "{A9A64EE9-813A-4E83-9CF3-3118F4451EA9}"
EndProject
Project("{FAE04EC0-301F-11D3-BF4B-00C04F79EFBC}") = "ERns.Data", "Code\ERns.Data\ERns.Data.csproj", "{234B223A-9117-4285-AF59-566417DBFFCF}"
EndProject
Project("{FAE04EC0-301F-11D3-BF4B-00C04F79EFBC}") = "ERns.Test.Api", "Code\ERns.Test.Api\ERns.Test.Api.csproj", "{485BB6A9-4069-40D9-B398-FAEBFE6B94E1}"
EndProject
Project("{FAE04EC0-301F-11D3-BF4B-00C04F79EFBC}") = "ERns.Test.Business", "Code\ERns.Test.Business\ERns.Test.Business.csproj", "{53812317-17D7-4FBC-81FF-F5F539E48365}"
EndProject
Project("{FAE04EC0-301F-11D3-BF4B-00C04F79EFBC}") = "ERns.Test.Framework", "Code\ERns.Test.Framework\ERns.Test.Framework.csproj", "{F6C862A8-21B8-4C44-B700-A21C18AFB4FA}"
EndProject
Project("{2150E333-8FDC-42A3-9474-1A3956D46DE8}") = "Test", "Test", "{9D000095-C564-4A66-9EDD-BA29E2CC9A07}"
EndProject
Global
	GlobalSection(SolutionConfigurationPlatforms) = preSolution
		Debug|Any CPU = Debug|Any CPU
		Debug|x64 = Debug|x64
		Debug|x86 = Debug|x86
		Release|Any CPU = Release|Any CPU
		Release|x64 = Release|x64
		Release|x86 = Release|x86
	EndGlobalSection
	GlobalSection(SolutionProperties) = preSolution
		HideSolutionNode = FALSE
	EndGlobalSection
	GlobalSection(ProjectConfigurationPlatforms) = postSolution
		{4CBB202D-5928-4A84-A23D-58E53BC8AA55}.Debug|Any CPU.ActiveCfg = Debug|Any CPU
		{4CBB202D-5928-4A84-A23D-58E53BC8AA55}.Debug|Any CPU.Build.0 = Debug|Any CPU
		{4CBB202D-5928-4A84-A23D-58E53BC8AA55}.Debug|x64.ActiveCfg = Debug|Any CPU
		{4CBB202D-5928-4A84-A23D-58E53BC8AA55}.Debug|x64.Build.0 = Debug|Any CPU
		{4CBB202D-5928-4A84-A23D-58E53BC8AA55}.Debug|x86.ActiveCfg = Debug|Any CPU
		{4CBB202D-5928-4A84-A23D-58E53BC8AA55}.Debug|x86.Build.0 = Debug|Any CPU
		{4CBB202D-5928-4A84-A23D-58E53BC8AA55}.Release|Any CPU.ActiveCfg = Release|Any CPU
		{4CBB202D-5928-4A84-A23D-58E53BC8AA55}.Release|Any CPU.Build.0 = Release|Any CPU
		{4CBB202D-5928-4A84-A23D-58E53BC8AA55}.Release|x64.ActiveCfg = Release|Any CPU
		{4CBB202D-5928-4A84-A23D-58E53BC8AA55}.Release|x64.Build.0 = Release|Any CPU
		{4CBB202D-5928-4A84-A23D-58E53BC8AA55}.Release|x86.ActiveCfg = Release|Any CPU
		{4CBB202D-5928-4A84-A23D-58E53BC8AA55}.Release|x86.Build.0 = Release|Any CPU
		{ACAD17E8-2C1C-40E7-86A8-331832AC6ECA}.Debug|Any CPU.ActiveCfg = Debug|Any CPU
		{ACAD17E8-2C1C-40E7-86A8-331832AC6ECA}.Debug|Any CPU.Build.0 = Debug|Any CPU
		{ACAD17E8-2C1C-40E7-86A8-331832AC6ECA}.Debug|x64.ActiveCfg = Debug|Any CPU
		{ACAD17E8-2C1C-40E7-86A8-331832AC6ECA}.Debug|x64.Build.0 = Debug|Any CPU
		{ACAD17E8-2C1C-40E7-86A8-331832AC6ECA}.Debug|x86.ActiveCfg = Debug|Any CPU
		{ACAD17E8-2C1C-40E7-86A8-331832AC6ECA}.Debug|x86.Build.0 = Debug|Any CPU
		{ACAD17E8-2C1C-40E7-86A8-331832AC6ECA}.Release|Any CPU.ActiveCfg = Release|Any CPU
		{ACAD17E8-2C1C-40E7-86A8-331832AC6ECA}.Release|Any CPU.Build.0 = Release|Any CPU
		{ACAD17E8-2C1C-40E7-86A8-331832AC6ECA}.Release|x64.ActiveCfg = Release|Any CPU
		{ACAD17E8-2C1C-40E7-86A8-331832AC6ECA}.Release|x64.Build.0 = Release|Any CPU
		{ACAD17E8-2C1C-40E7-86A8-331832AC6ECA}.Release|x86.ActiveCfg = Release|Any CPU
		{ACAD17E8-2C1C-40E7-86A8-331832AC6ECA}.Release|x86.Build.0 = Release|Any CPU
		{3DE92B81-C5CC-43F1-9D15-C39E560C15F0}.Debug|Any CPU.ActiveCfg = Debug|Any CPU
		{3DE92B81-C5CC-43F1-9D15-C39E560C15F0}.Debug|Any CPU.Build.0 = Debug|Any CPU
		{3DE92B81-C5CC-43F1-9D15-C39E560C15F0}.Debug|x64.ActiveCfg = Debug|Any CPU
		{3DE92B81-C5CC-43F1-9D15-C39E560C15F0}.Debug|x64.Build.0 = Debug|Any CPU
		{3DE92B81-C5CC-43F1-9D15-C39E560C15F0}.Debug|x86.ActiveCfg = Debug|Any CPU
		{3DE92B81-C5CC-43F1-9D15-C39E560C15F0}.Debug|x86.Build.0 = Debug|Any CPU
		{3DE92B81-C5CC-43F1-9D15-C39E560C15F0}.Release|Any CPU.ActiveCfg = Release|Any CPU
		{3DE92B81-C5CC-43F1-9D15-C39E560C15F0}.Release|Any CPU.Build.0 = Release|Any CPU
		{3DE92B81-C5CC-43F1-9D15-C39E560C15F0}.Release|x64.ActiveCfg = Release|Any CPU
		{3DE92B81-C5CC-43F1-9D15-C39E560C15F0}.Release|x64.Build.0 = Release|Any CPU
		{3DE92B81-C5CC-43F1-9D15-C39E560C15F0}.Release|x86.ActiveCfg = Release|Any CPU
		{3DE92B81-C5CC-43F1-9D15-C39E560C15F0}.Release|x86.Build.0 = Release|Any CPU
		{A9A64EE9-813A-4E83-9CF3-3118F4451EA9}.Debug|Any CPU.ActiveCfg = Debug|Any CPU
		{A9A64EE9-813A-4E83-9CF3-3118F4451EA9}.Debug|Any CPU.Build.0 = Debug|Any CPU
		{A9A64EE9-813A-4E83-9CF3-3118F4451EA9}.Debug|x64.ActiveCfg = Debug|Any CPU
		{A9A64EE9-813A-4E83-9CF3-3118F4451EA9}.Debug|x64.Build.0 = Debug|Any CPU
		{A9A64EE9-813A-4E83-9CF3-3118F4451EA9}.Debug|x86.ActiveCfg = Debug|Any CPU
		{A9A64EE9-813A-4E83-9CF3-3118F4451EA9}.Debug|x86.Build.0 = Debug|Any CPU
		{A9A64EE9-813A-4E83-9CF3-3118F4451EA9}.Release|Any CPU.ActiveCfg = Release|Any CPU
		{A9A64EE9-813A-4E83-9CF3-3118F4451EA9}.Release|Any CPU.Build.0 = Release|Any CPU
		{A9A64EE9-813A-4E83-9CF3-3118F4451EA9}.Release|x64.ActiveCfg = Release|Any CPU
		{A9A64EE9-813A-4E83-9CF3-3118F4451EA9}.Release|x64.Build.0 = Release|Any CPU
		{A9A64EE9-813A-4E83-9CF3-3118F4451EA9}.Release|x86.ActiveCfg = Release|Any CPU
		{A9A64EE9-813A-4E83-9CF3-3118F4451EA9}.Release|x86.Build.0 = Release|Any CPU
		{234B223A-9117-4285-AF59-566417DBFFCF}.Debug|Any CPU.ActiveCfg = Debug|Any CPU
		{234B223A-9117-4285-AF59-566417DBFFCF}.Debug|Any CPU.Build.0 = Debug|Any CPU
		{234B223A-9117-4285-AF59-566417DBFFCF}.Debug|x64.ActiveCfg = Debug|Any CPU
		{234B223A-9117-4285-AF59-566417DBFFCF}.Debug|x64.Build.0 = Debug|Any CPU
		{234B223A-9117-4285-AF59-566417DBFFCF}.Debug|x86.ActiveCfg = Debug|Any CPU
		{234B223A-9117-4285-AF59-566417DBFFCF}.Debug|x86.Build.0 = Debug|Any CPU
		{234B223A-9117-4285-AF59-566417DBFFCF}.Release|Any CPU.ActiveCfg = Release|Any CPU
		{234B223A-9117-4285-AF59-566417DBFFCF}.Release|Any CPU.Build.0 = Release|Any CPU
		{234B223A-9117-4285-AF59-566417DBFFCF}.Release|x64.ActiveCfg = Release|Any CPU
		{234B223A-9117-4285-AF59-566417DBFFCF}.Release|x64.Build.0 = Release|Any CPU
		{234B223A-9117-4285-AF59-566417DBFFCF}.Release|x86.ActiveCfg = Release|Any CPU
		{234B223A-9117-4285-AF59-566417DBFFCF}.Release|x86.Build.0 = Release|Any CPU
		{485BB6A9-4069-40D9-B398-FAEBFE6B94E1}.Debug|Any CPU.ActiveCfg = Debug|Any CPU
		{485BB6A9-4069-40D9-B398-FAEBFE6B94E1}.Debug|Any CPU.Build.0 = Debug|Any CPU
		{485BB6A9-4069-40D9-B398-FAEBFE6B94E1}.Debug|x64.ActiveCfg = Debug|Any CPU
		{485BB6A9-4069-40D9-B398-FAEBFE6B94E1}.Debug|x64.Build.0 = Debug|Any CPU
		{485BB6A9-4069-40D9-B398-FAEBFE6B94E1}.Debug|x86.ActiveCfg = Debug|Any CPU
		{485BB6A9-4069-40D9-B398-FAEBFE6B94E1}.Debug|x86.Build.0 = Debug|Any CPU
		{485BB6A9-4069-40D9-B398-FAEBFE6B94E1}.Release|Any CPU.ActiveCfg = Release|Any CPU
		{485BB6A9-4069-40D9-B398-FAEBFE6B94E1}.Release|Any CPU.Build.0 = Release|Any CPU
		{485BB6A9-4069-40D9-B398-FAEBFE6B94E1}.Release|x64.ActiveCfg = Release|Any CPU
		{485BB6A9-4069-40D9-B398-FAEBFE6B94E1}.Release|x64.Build.0 = Release|Any CPU
		{485BB6A9-4069-40D9-B398-FAEBFE6B94E1}.Release|x86.ActiveCfg = Release|Any CPU
		{485BB6A9-4069-40D9-B398-FAEBFE6B94E1}.Release|x86.Build.0 = Release|Any CPU
		{53812317-17D7-4FBC-81FF-F5F539E48365}.Debug|Any CPU.ActiveCfg = Debug|Any CPU
		{53812317-17D7-4FBC-81FF-F5F539E48365}.Debug|Any CPU.Build.0 = Debug|Any CPU
		{53812317-17D7-4FBC-81FF-F5F539E48365}.Debug|x64.ActiveCfg = Debug|Any CPU
		{53812317-17D7-4FBC-81FF-F5F539E48365}.Debug|x64.Build.0 = Debug|Any CPU
		{53812317-17D7-4FBC-81FF-F5F539E48365}.Debug|x86.ActiveCfg = Debug|Any CPU
		{53812317-17D7-4FBC-81FF-F5F539E48365}.Debug|x86.Build.0 = Debug|Any CPU
		{53812317-17D7-4FBC-81FF-F5F539E48365}.Release|Any CPU.ActiveCfg = Release|Any CPU
		{53812317-17D7-4FBC-81FF-F5F539E48365}.Release|Any CPU.Build.0 = Release|Any CPU
		{53812317-17D7-4FBC-81FF-F5F539E48365}.Release|x64.ActiveCfg = Release|Any CPU
		{53812317-17D7-4FBC-81FF-F5F539E48365}.Release|x64.Build.0 = Release|Any CPU
		{53812317-17D7-4FBC-81FF-F5F539E48365}.Release|x86.ActiveCfg = Release|Any CPU
		{53812317-17D7-4FBC-81FF-F5F539E48365}.Release|x86.Build.0 = Release|Any CPU
		{F6C862A8-21B8-4C44-B700-A21C18AFB4FA}.Debug|Any CPU.ActiveCfg = Debug|Any CPU
		{F6C862A8-21B8-4C44-B700-A21C18AFB4FA}.Debug|Any CPU.Build.0 = Debug|Any CPU
		{F6C862A8-21B8-4C44-B700-A21C18AFB4FA}.Debug|x64.ActiveCfg = Debug|Any CPU
		{F6C862A8-21B8-4C44-B700-A21C18AFB4FA}.Debug|x64.Build.0 = Debug|Any CPU
		{F6C862A8-21B8-4C44-B700-A21C18AFB4FA}.Debug|x86.ActiveCfg = Debug|Any CPU
		{F6C862A8-21B8-4C44-B700-A21C18AFB4FA}.Debug|x86.Build.0 = Debug|Any CPU
		{F6C862A8-21B8-4C44-B700-A21C18AFB4FA}.Release|Any CPU.ActiveCfg = Release|Any CPU
		{F6C862A8-21B8-4C44-B700-A21C18AFB4FA}.Release|Any CPU.Build.0 = Release|Any CPU
		{F6C862A8-21B8-4C44-B700-A21C18AFB4FA}.Release|x64.ActiveCfg = Release|Any CPU
		{F6C862A8-21B8-4C44-B700-A21C18AFB4FA}.Release|x64.Build.0 = Release|Any CPU
		{F6C862A8-21B8-4C44-B700-A21C18AFB4FA}.Release|x86.ActiveCfg = Release|Any CPU
		{F6C862A8-21B8-4C44-B700-A21C18AFB4FA}.Release|x86.Build.0 = Release|Any CPU
	EndGlobalSection
	GlobalSection(NestedProjects) = preSolution
		{4CBB202D-5928-4A84-A23D-58E53BC8AA55} = {5C3E5093-DCCD-4594-894D-9326DA03F170}
		{ACAD17E8-2C1C-40E7-86A8-331832AC6ECA} = {5C3E5093-DCCD-4594-894D-9326DA03F170}
		{3DE92B81-C5CC-43F1-9D15-C39E560C15F0} = {5C3E5093-DCCD-4594-894D-9326DA03F170}
		{A9A64EE9-813A-4E83-9CF3-3118F4451EA9} = {5C3E5093-DCCD-4594-894D-9326DA03F170}
		{234B223A-9117-4285-AF59-566417DBFFCF} = {5C3E5093-DCCD-4594-894D-9326DA03F170}
		{485BB6A9-4069-40D9-B398-FAEBFE6B94E1} = {9D000095-C564-4A66-9EDD-BA29E2CC9A07}
		{53812317-17D7-4FBC-81FF-F5F539E48365} = {9D000095-C564-4A66-9EDD-BA29E2CC9A07}
		{F6C862A8-21B8-4C44-B700-A21C18AFB4FA} = {9D000095-C564-4A66-9EDD-BA29E2CC9A07}
	EndGlobalSection
EndGlobal
