
Microsoft Visual Studio Solution File, Format Version 12.00
# Visual Studio 15
VisualStudioVersion = 15.0.26124.0
MinimumVisualStudioVersion = 15.0.26124.0
Project("{2150E333-8FDC-42A3-9474-1A3956D46DE8}") = "Code", "Code", "{E23B98B1-741B-4244-A864-C98AD2CE72E0}"
EndProject
Project("{FAE04EC0-301F-11D3-BF4B-00C04F79EFBC}") = "EApp.Api", "Code\EApp.Api\EApp.Api.csproj", "{1FC67A00-4E7C-458E-9B79-27CED8BB3917}"
EndProject
Project("{FAE04EC0-301F-11D3-BF4B-00C04F79EFBC}") = "EApp.BusinessEntities", "Code\EApp.BusinessEntities\EApp.BusinessEntities.csproj", "{4B14FCCF-A40F-4D00-815C-FB7DA6254E86}"
EndProject
Project("{FAE04EC0-301F-11D3-BF4B-00C04F79EFBC}") = "EApp.BusinessServices", "Code\EApp.BusinessServices\EApp.BusinessServices.csproj", "{40548B3F-A521-470A-B38B-7966934D2289}"
EndProject
Project("{FAE04EC0-301F-11D3-BF4B-00C04F79EFBC}") = "EApp.Contracts", "Code\EApp.Contracts\EApp.Contracts.csproj", "{F5151C47-CB03-44E7-907B-A21AD44D3E0D}"
EndProject
Project("{FAE04EC0-301F-11D3-BF4B-00C04F79EFBC}") = "EApp.Data", "Code\EApp.Data\EApp.Data.csproj", "{C56DB4A8-AAEF-4B28-8AD4-AE38048E57F7}"
EndProject
Project("{FAE04EC0-301F-11D3-BF4B-00C04F79EFBC}") = "EApp.Test.Api", "Code\EApp.Test.Api\EApp.Test.Api.csproj", "{63EF4AAC-0AC2-49BC-BEB4-EFAF340F4B45}"
EndProject
Project("{FAE04EC0-301F-11D3-BF4B-00C04F79EFBC}") = "EApp.Test.Business", "Code\EApp.Test.Business\EApp.Test.Business.csproj", "{2C34732B-EF19-4F28-AC06-81FF3E81A440}"
EndProject
Project("{FAE04EC0-301F-11D3-BF4B-00C04F79EFBC}") = "EApp.Test.Framework", "Code\EApp.Test.Framework\EApp.Test.Framework.csproj", "{A1141E62-DB40-4261-914E-6483386F15FD}"
EndProject
Project("{2150E333-8FDC-42A3-9474-1A3956D46DE8}") = "Test", "Test", "{98959C70-31F7-4D3F-B549-3A0FDBF8E4F3}"
EndProject
Global
	GlobalSection(SolutionConfigurationPlatforms) = preSolution
		Debug|Any CPU = Debug|Any CPU
		Debug|x64 = Debug|x64
		Debug|x86 = Debug|x86
		Release|Any CPU = Release|Any CPU
		Release|x64 = Release|x64
		Release|x86 = Release|x86
	EndGlobalSection
	GlobalSection(SolutionProperties) = preSolution
		HideSolutionNode = FALSE
	EndGlobalSection
	GlobalSection(ProjectConfigurationPlatforms) = postSolution
		{1FC67A00-4E7C-458E-9B79-27CED8BB3917}.Debug|Any CPU.ActiveCfg = Debug|Any CPU
		{1FC67A00-4E7C-458E-9B79-27CED8BB3917}.Debug|Any CPU.Build.0 = Debug|Any CPU
		{1FC67A00-4E7C-458E-9B79-27CED8BB3917}.Debug|x64.ActiveCfg = Debug|Any CPU
		{1FC67A00-4E7C-458E-9B79-27CED8BB3917}.Debug|x64.Build.0 = Debug|Any CPU
		{1FC67A00-4E7C-458E-9B79-27CED8BB3917}.Debug|x86.ActiveCfg = Debug|Any CPU
		{1FC67A00-4E7C-458E-9B79-27CED8BB3917}.Debug|x86.Build.0 = Debug|Any CPU
		{1FC67A00-4E7C-458E-9B79-27CED8BB3917}.Release|Any CPU.ActiveCfg = Release|Any CPU
		{1FC67A00-4E7C-458E-9B79-27CED8BB3917}.Release|Any CPU.Build.0 = Release|Any CPU
		{1FC67A00-4E7C-458E-9B79-27CED8BB3917}.Release|x64.ActiveCfg = Release|Any CPU
		{1FC67A00-4E7C-458E-9B79-27CED8BB3917}.Release|x64.Build.0 = Release|Any CPU
		{1FC67A00-4E7C-458E-9B79-27CED8BB3917}.Release|x86.ActiveCfg = Release|Any CPU
		{1FC67A00-4E7C-458E-9B79-27CED8BB3917}.Release|x86.Build.0 = Release|Any CPU
		{4B14FCCF-A40F-4D00-815C-FB7DA6254E86}.Debug|Any CPU.ActiveCfg = Debug|Any CPU
		{4B14FCCF-A40F-4D00-815C-FB7DA6254E86}.Debug|Any CPU.Build.0 = Debug|Any CPU
		{4B14FCCF-A40F-4D00-815C-FB7DA6254E86}.Debug|x64.ActiveCfg = Debug|Any CPU
		{4B14FCCF-A40F-4D00-815C-FB7DA6254E86}.Debug|x64.Build.0 = Debug|Any CPU
		{4B14FCCF-A40F-4D00-815C-FB7DA6254E86}.Debug|x86.ActiveCfg = Debug|Any CPU
		{4B14FCCF-A40F-4D00-815C-FB7DA6254E86}.Debug|x86.Build.0 = Debug|Any CPU
		{4B14FCCF-A40F-4D00-815C-FB7DA6254E86}.Release|Any CPU.ActiveCfg = Release|Any CPU
		{4B14FCCF-A40F-4D00-815C-FB7DA6254E86}.Release|Any CPU.Build.0 = Release|Any CPU
		{4B14FCCF-A40F-4D00-815C-FB7DA6254E86}.Release|x64.ActiveCfg = Release|Any CPU
		{4B14FCCF-A40F-4D00-815C-FB7DA6254E86}.Release|x64.Build.0 = Release|Any CPU
		{4B14FCCF-A40F-4D00-815C-FB7DA6254E86}.Release|x86.ActiveCfg = Release|Any CPU
		{4B14FCCF-A40F-4D00-815C-FB7DA6254E86}.Release|x86.Build.0 = Release|Any CPU
		{40548B3F-A521-470A-B38B-7966934D2289}.Debug|Any CPU.ActiveCfg = Debug|Any CPU
		{40548B3F-A521-470A-B38B-7966934D2289}.Debug|Any CPU.Build.0 = Debug|Any CPU
		{40548B3F-A521-470A-B38B-7966934D2289}.Debug|x64.ActiveCfg = Debug|Any CPU
		{40548B3F-A521-470A-B38B-7966934D2289}.Debug|x64.Build.0 = Debug|Any CPU
		{40548B3F-A521-470A-B38B-7966934D2289}.Debug|x86.ActiveCfg = Debug|Any CPU
		{40548B3F-A521-470A-B38B-7966934D2289}.Debug|x86.Build.0 = Debug|Any CPU
		{40548B3F-A521-470A-B38B-7966934D2289}.Release|Any CPU.ActiveCfg = Release|Any CPU
		{40548B3F-A521-470A-B38B-7966934D2289}.Release|Any CPU.Build.0 = Release|Any CPU
		{40548B3F-A521-470A-B38B-7966934D2289}.Release|x64.ActiveCfg = Release|Any CPU
		{40548B3F-A521-470A-B38B-7966934D2289}.Release|x64.Build.0 = Release|Any CPU
		{40548B3F-A521-470A-B38B-7966934D2289}.Release|x86.ActiveCfg = Release|Any CPU
		{40548B3F-A521-470A-B38B-7966934D2289}.Release|x86.Build.0 = Release|Any CPU
		{F5151C47-CB03-44E7-907B-A21AD44D3E0D}.Debug|Any CPU.ActiveCfg = Debug|Any CPU
		{F5151C47-CB03-44E7-907B-A21AD44D3E0D}.Debug|Any CPU.Build.0 = Debug|Any CPU
		{F5151C47-CB03-44E7-907B-A21AD44D3E0D}.Debug|x64.ActiveCfg = Debug|Any CPU
		{F5151C47-CB03-44E7-907B-A21AD44D3E0D}.Debug|x64.Build.0 = Debug|Any CPU
		{F5151C47-CB03-44E7-907B-A21AD44D3E0D}.Debug|x86.ActiveCfg = Debug|Any CPU
		{F5151C47-CB03-44E7-907B-A21AD44D3E0D}.Debug|x86.Build.0 = Debug|Any CPU
		{F5151C47-CB03-44E7-907B-A21AD44D3E0D}.Release|Any CPU.ActiveCfg = Release|Any CPU
		{F5151C47-CB03-44E7-907B-A21AD44D3E0D}.Release|Any CPU.Build.0 = Release|Any CPU
		{F5151C47-CB03-44E7-907B-A21AD44D3E0D}.Release|x64.ActiveCfg = Release|Any CPU
		{F5151C47-CB03-44E7-907B-A21AD44D3E0D}.Release|x64.Build.0 = Release|Any CPU
		{F5151C47-CB03-44E7-907B-A21AD44D3E0D}.Release|x86.ActiveCfg = Release|Any CPU
		{F5151C47-CB03-44E7-907B-A21AD44D3E0D}.Release|x86.Build.0 = Release|Any CPU
		{C56DB4A8-AAEF-4B28-8AD4-AE38048E57F7}.Debug|Any CPU.ActiveCfg = Debug|Any CPU
		{C56DB4A8-AAEF-4B28-8AD4-AE38048E57F7}.Debug|Any CPU.Build.0 = Debug|Any CPU
		{C56DB4A8-AAEF-4B28-8AD4-AE38048E57F7}.Debug|x64.ActiveCfg = Debug|Any CPU
		{C56DB4A8-AAEF-4B28-8AD4-AE38048E57F7}.Debug|x64.Build.0 = Debug|Any CPU
		{C56DB4A8-AAEF-4B28-8AD4-AE38048E57F7}.Debug|x86.ActiveCfg = Debug|Any CPU
		{C56DB4A8-AAEF-4B28-8AD4-AE38048E57F7}.Debug|x86.Build.0 = Debug|Any CPU
		{C56DB4A8-AAEF-4B28-8AD4-AE38048E57F7}.Release|Any CPU.ActiveCfg = Release|Any CPU
		{C56DB4A8-AAEF-4B28-8AD4-AE38048E57F7}.Release|Any CPU.Build.0 = Release|Any CPU
		{C56DB4A8-AAEF-4B28-8AD4-AE38048E57F7}.Release|x64.ActiveCfg = Release|Any CPU
		{C56DB4A8-AAEF-4B28-8AD4-AE38048E57F7}.Release|x64.Build.0 = Release|Any CPU
		{C56DB4A8-AAEF-4B28-8AD4-AE38048E57F7}.Release|x86.ActiveCfg = Release|Any CPU
		{C56DB4A8-AAEF-4B28-8AD4-AE38048E57F7}.Release|x86.Build.0 = Release|Any CPU
		{63EF4AAC-0AC2-49BC-BEB4-EFAF340F4B45}.Debug|Any CPU.ActiveCfg = Debug|Any CPU
		{63EF4AAC-0AC2-49BC-BEB4-EFAF340F4B45}.Debug|Any CPU.Build.0 = Debug|Any CPU
		{63EF4AAC-0AC2-49BC-BEB4-EFAF340F4B45}.Debug|x64.ActiveCfg = Debug|Any CPU
		{63EF4AAC-0AC2-49BC-BEB4-EFAF340F4B45}.Debug|x64.Build.0 = Debug|Any CPU
		{63EF4AAC-0AC2-49BC-BEB4-EFAF340F4B45}.Debug|x86.ActiveCfg = Debug|Any CPU
		{63EF4AAC-0AC2-49BC-BEB4-EFAF340F4B45}.Debug|x86.Build.0 = Debug|Any CPU
		{63EF4AAC-0AC2-49BC-BEB4-EFAF340F4B45}.Release|Any CPU.ActiveCfg = Release|Any CPU
		{63EF4AAC-0AC2-49BC-BEB4-EFAF340F4B45}.Release|Any CPU.Build.0 = Release|Any CPU
		{63EF4AAC-0AC2-49BC-BEB4-EFAF340F4B45}.Release|x64.ActiveCfg = Release|Any CPU
		{63EF4AAC-0AC2-49BC-BEB4-EFAF340F4B45}.Release|x64.Build.0 = Release|Any CPU
		{63EF4AAC-0AC2-49BC-BEB4-EFAF340F4B45}.Release|x86.ActiveCfg = Release|Any CPU
		{63EF4AAC-0AC2-49BC-BEB4-EFAF340F4B45}.Release|x86.Build.0 = Release|Any CPU
		{2C34732B-EF19-4F28-AC06-81FF3E81A440}.Debug|Any CPU.ActiveCfg = Debug|Any CPU
		{2C34732B-EF19-4F28-AC06-81FF3E81A440}.Debug|Any CPU.Build.0 = Debug|Any CPU
		{2C34732B-EF19-4F28-AC06-81FF3E81A440}.Debug|x64.ActiveCfg = Debug|Any CPU
		{2C34732B-EF19-4F28-AC06-81FF3E81A440}.Debug|x64.Build.0 = Debug|Any CPU
		{2C34732B-EF19-4F28-AC06-81FF3E81A440}.Debug|x86.ActiveCfg = Debug|Any CPU
		{2C34732B-EF19-4F28-AC06-81FF3E81A440}.Debug|x86.Build.0 = Debug|Any CPU
		{2C34732B-EF19-4F28-AC06-81FF3E81A440}.Release|Any CPU.ActiveCfg = Release|Any CPU
		{2C34732B-EF19-4F28-AC06-81FF3E81A440}.Release|Any CPU.Build.0 = Release|Any CPU
		{2C34732B-EF19-4F28-AC06-81FF3E81A440}.Release|x64.ActiveCfg = Release|Any CPU
		{2C34732B-EF19-4F28-AC06-81FF3E81A440}.Release|x64.Build.0 = Release|Any CPU
		{2C34732B-EF19-4F28-AC06-81FF3E81A440}.Release|x86.ActiveCfg = Release|Any CPU
		{2C34732B-EF19-4F28-AC06-81FF3E81A440}.Release|x86.Build.0 = Release|Any CPU
		{A1141E62-DB40-4261-914E-6483386F15FD}.Debug|Any CPU.ActiveCfg = Debug|Any CPU
		{A1141E62-DB40-4261-914E-6483386F15FD}.Debug|Any CPU.Build.0 = Debug|Any CPU
		{A1141E62-DB40-4261-914E-6483386F15FD}.Debug|x64.ActiveCfg = Debug|Any CPU
		{A1141E62-DB40-4261-914E-6483386F15FD}.Debug|x64.Build.0 = Debug|Any CPU
		{A1141E62-DB40-4261-914E-6483386F15FD}.Debug|x86.ActiveCfg = Debug|Any CPU
		{A1141E62-DB40-4261-914E-6483386F15FD}.Debug|x86.Build.0 = Debug|Any CPU
		{A1141E62-DB40-4261-914E-6483386F15FD}.Release|Any CPU.ActiveCfg = Release|Any CPU
		{A1141E62-DB40-4261-914E-6483386F15FD}.Release|Any CPU.Build.0 = Release|Any CPU
		{A1141E62-DB40-4261-914E-6483386F15FD}.Release|x64.ActiveCfg = Release|Any CPU
		{A1141E62-DB40-4261-914E-6483386F15FD}.Release|x64.Build.0 = Release|Any CPU
		{A1141E62-DB40-4261-914E-6483386F15FD}.Release|x86.ActiveCfg = Release|Any CPU
		{A1141E62-DB40-4261-914E-6483386F15FD}.Release|x86.Build.0 = Release|Any CPU
	EndGlobalSection
	GlobalSection(NestedProjects) = preSolution
		{1FC67A00-4E7C-458E-9B79-27CED8BB3917} = {E23B98B1-741B-4244-A864-C98AD2CE72E0}
		{4B14FCCF-A40F-4D00-815C-FB7DA6254E86} = {E23B98B1-741B-4244-A864-C98AD2CE72E0}
		{40548B3F-A521-470A-B38B-7966934D2289} = {E23B98B1-741B-4244-A864-C98AD2CE72E0}
		{F5151C47-CB03-44E7-907B-A21AD44D3E0D} = {E23B98B1-741B-4244-A864-C98AD2CE72E0}
		{C56DB4A8-AAEF-4B28-8AD4-AE38048E57F7} = {E23B98B1-741B-4244-A864-C98AD2CE72E0}
		{63EF4AAC-0AC2-49BC-BEB4-EFAF340F4B45} = {98959C70-31F7-4D3F-B549-3A0FDBF8E4F3}
		{2C34732B-EF19-4F28-AC06-81FF3E81A440} = {98959C70-31F7-4D3F-B549-3A0FDBF8E4F3}
		{A1141E62-DB40-4261-914E-6483386F15FD} = {98959C70-31F7-4D3F-B549-3A0FDBF8E4F3}
	EndGlobalSection
EndGlobal
